{
  "name": "miniprogram",
  "version": "1.0.0",
  "lockfileVersion": 1,
  "requires": true,
  "dependencies": {
    "@vant/area-data": {
      "version": "1.2.1",
      "resolved": "https://registry.npmmirror.com/@vant/area-data/download/@vant/area-data-1.2.1.tgz",
      "integrity": "sha512-Ah6OAIx879eYDjVCkxEUGYxXxI7oGvZ4U7Tn6Nf+LHbh3llu1+5BfnMEBe/GXc3SaVdN9YV0Z7Kl4I6HMmKhuA=="
    },
    "@vant/weapp": {
      "version": "1.10.2",
      "resolved": "https://registry.npmmirror.com/@vant/weapp/download/@vant/weapp-1.10.2.tgz",
      "integrity": "sha512-caqA0xQxM4lMRncFsRPPVMDdEzUBCJ4xdFXuKReXpEU3qwnVIP/WIjVDIi7mWyS7xqz8C9WfSW5JL4PrlSq31w=="
    },
    "miniprogram-api-typings": {
      "version": "3.4.4",
      "resolved": "https://registry.npmmirror.com/miniprogram-api-typings/download/miniprogram-api-typings-3.4.4.tgz?cache=0&sync_timestamp=1635559997264&other_urls=https%3A%2F%2Fregistry.npmmirror.com%2Fminiprogram-api-typings%2Fdownload%2Fminiprogram-api-typings-3.4.4.tgz",
      "integrity": "sha1-pozh8Q/yR5tSHNSvJ2ojBBuQ8vY=",
      "dev": true
    }
  }
}
